
Microsoft Visual Studio Solution File, Format Version 12.00
# Visual Studio Version 17
VisualStudioVersion = 17.11.35303.130
MinimumVisualStudioVersion = 10.0.40219.1
Project("{2150E333-8FDC-42A3-9474-1A3956D46DE8}") = "Task0", "Task0", "{51C88C5E-B096-410B-9D91-63B3940BF6CB}"
EndProject
Project("{9A19103F-16F7-4668-BE54-9A1E7A4F7556}") = "Tyuiu.KonovalovVA.Sprint2.Task0.V22", "Tyuiu.KonovalovVA.Sprint2.Task0.V22\Tyuiu.KonovalovVA.Sprint2.Task0.V22.csproj", "{EB65C831-5342-47EC-A147-A21076DC0194}"
EndProject
Project("{9A19103F-16F7-4668-BE54-9A1E7A4F7556}") = "Tyuiu.KonovalovVA.Sprint2.Task0.V22.Lib", "Tyuiu.KonovalovVA.Sprint2.Task0.V22.Lib\Tyuiu.KonovalovVA.Sprint2.Task0.V22.Lib.csproj", "{0F981DF8-385B-41A5-AE51-C8D1A2FA405E}"
EndProject
Project("{9A19103F-16F7-4668-BE54-9A1E7A4F7556}") = "Tyuiu.KonovalovVA.Sprint2.Task0.V22.Test", "Tyuiu.KonovalovVA.Sprint2.Task0.V22.Test\Tyuiu.KonovalovVA.Sprint2.Task0.V22.Test.csproj", "{AA528A95-8E95-4C3E-89B9-8CE03B994FC6}"
EndProject
Project("{2150E333-8FDC-42A3-9474-1A3956D46DE8}") = "Task1", "Task1", "{0E29F1EE-FA79-4D6A-BF79-C9013D6D8CA7}"
EndProject
Project("{9A19103F-16F7-4668-BE54-9A1E7A4F7556}") = "Tyuiu.KonovalovVA.Sprint2.Task1.V28", "Tyuiu.KonovalovVA.Sprint2.Task1.V28\Tyuiu.KonovalovVA.Sprint2.Task1.V28.csproj", "{EE1C3097-524E-4347-8363-E8444E403982}"
EndProject
Project("{9A19103F-16F7-4668-BE54-9A1E7A4F7556}") = "Tyuiu.KonovalovVA.Sprint2.Task1.V28.Lib", "Tyuiu.KonovalovVA.Sprint2.Task1.V28.Lib\Tyuiu.KonovalovVA.Sprint2.Task1.V28.Lib.csproj", "{07A1668B-90A2-4AFC-8252-C23EF825D3B9}"
EndProject
Project("{9A19103F-16F7-4668-BE54-9A1E7A4F7556}") = "Tyuiu.KonovalovVA.Sprint2.Task1.V28.Test", "Tyuiu.KonovalovVA.Sprint2.Task1.V28.Test\Tyuiu.KonovalovVA.Sprint2.Task1.V28.Test.csproj", "{61C9075B-C021-44DD-89B4-18A226A7556E}"
EndProject
Project("{2150E333-8FDC-42A3-9474-1A3956D46DE8}") = "Task2", "Task2", "{73792A25-AB94-47B5-AF75-1E0DD996B9CF}"
EndProject
Project("{FAE04EC0-301F-11D3-BF4B-00C04F79EFBC}") = "Tyuiu.KonovalovVA.Sprint2.Task2.V12", "Tyuiu.KonovalovVA.Sprint2.Task2.V12\Tyuiu.KonovalovVA.Sprint2.Task2.V12.csproj", "{29E0191B-5712-460D-A3C9-6C72D99D6474}"
EndProject
Project("{FAE04EC0-301F-11D3-BF4B-00C04F79EFBC}") = "Tyuiu.KonovalovVA.Sprint2.Task2.V12.Lib", "Tyuiu.KonovalovVA.Sprint2.Task2.V12.Lib\Tyuiu.KonovalovVA.Sprint2.Task2.V12.Lib.csproj", "{3F9F4964-A623-49B9-BED8-0AB8453AA41A}"
EndProject
Project("{FAE04EC0-301F-11D3-BF4B-00C04F79EFBC}") = "Tyuiu.KonovalovVA.Sprint2.Task2.V12.Test", "Tyuiu.KonovalovVA.Sprint2.Task2.V12.Test\Tyuiu.KonovalovVA.Sprint2.Task2.V12.Test.csproj", "{EA0A6243-334F-4D18-BEA5-5DBDD42D2514}"
EndProject
Project("{2150E333-8FDC-42A3-9474-1A3956D46DE8}") = "Task3", "Task3", "{BDF94A33-374C-44BB-85F3-DBF4FAA2A917}"
EndProject
Project("{FAE04EC0-301F-11D3-BF4B-00C04F79EFBC}") = "Tyuiu.KonovalovVA.Sprint2.Task3.V6", "Tyuiu.KonovalovVA.Sprint2.Task3.V6\Tyuiu.KonovalovVA.Sprint2.Task3.V6.csproj", "{F370836F-BA97-4156-AEBC-0A071FA8A297}"
EndProject
Project("{FAE04EC0-301F-11D3-BF4B-00C04F79EFBC}") = "Tyuiu.KonovalovVA.Sprint2.Task3.V6.Lib", "Tyuiu.KonovalovVA.Sprint2.Task3.V6.Lib\Tyuiu.KonovalovVA.Sprint2.Task3.V6.Lib.csproj", "{B91B2436-A6B1-4738-94D2-550B6936447D}"
EndProject
Project("{FAE04EC0-301F-11D3-BF4B-00C04F79EFBC}") = "Tyuiu.KonovalovVA.Sprint2.Task3.V6.Test", "Tyuiu.KonovalovVA.Sprint2.Task3.V6.Test\Tyuiu.KonovalovVA.Sprint2.Task3.V6.Test.csproj", "{2015DF78-3930-40DE-AA4C-666C3C32102D}"
EndProject
Global
	GlobalSection(SolutionConfigurationPlatforms) = preSolution
		Debug|Any CPU = Debug|Any CPU
		Release|Any CPU = Release|Any CPU
	EndGlobalSection
	GlobalSection(ProjectConfigurationPlatforms) = postSolution
		{EB65C831-5342-47EC-A147-A21076DC0194}.Debug|Any CPU.ActiveCfg = Debug|Any CPU
		{EB65C831-5342-47EC-A147-A21076DC0194}.Debug|Any CPU.Build.0 = Debug|Any CPU
		{EB65C831-5342-47EC-A147-A21076DC0194}.Release|Any CPU.ActiveCfg = Release|Any CPU
		{EB65C831-5342-47EC-A147-A21076DC0194}.Release|Any CPU.Build.0 = Release|Any CPU
		{0F981DF8-385B-41A5-AE51-C8D1A2FA405E}.Debug|Any CPU.ActiveCfg = Debug|Any CPU
		{0F981DF8-385B-41A5-AE51-C8D1A2FA405E}.Debug|Any CPU.Build.0 = Debug|Any CPU
		{0F981DF8-385B-41A5-AE51-C8D1A2FA405E}.Release|Any CPU.ActiveCfg = Release|Any CPU
		{0F981DF8-385B-41A5-AE51-C8D1A2FA405E}.Release|Any CPU.Build.0 = Release|Any CPU
		{AA528A95-8E95-4C3E-89B9-8CE03B994FC6}.Debug|Any CPU.ActiveCfg = Debug|Any CPU
		{AA528A95-8E95-4C3E-89B9-8CE03B994FC6}.Debug|Any CPU.Build.0 = Debug|Any CPU
		{AA528A95-8E95-4C3E-89B9-8CE03B994FC6}.Release|Any CPU.ActiveCfg = Release|Any CPU
		{AA528A95-8E95-4C3E-89B9-8CE03B994FC6}.Release|Any CPU.Build.0 = Release|Any CPU
		{EE1C3097-524E-4347-8363-E8444E403982}.Debug|Any CPU.ActiveCfg = Debug|Any CPU
		{EE1C3097-524E-4347-8363-E8444E403982}.Debug|Any CPU.Build.0 = Debug|Any CPU
		{EE1C3097-524E-4347-8363-E8444E403982}.Release|Any CPU.ActiveCfg = Release|Any CPU
		{EE1C3097-524E-4347-8363-E8444E403982}.Release|Any CPU.Build.0 = Release|Any CPU
		{07A1668B-90A2-4AFC-8252-C23EF825D3B9}.Debug|Any CPU.ActiveCfg = Debug|Any CPU
		{07A1668B-90A2-4AFC-8252-C23EF825D3B9}.Debug|Any CPU.Build.0 = Debug|Any CPU
		{07A1668B-90A2-4AFC-8252-C23EF825D3B9}.Release|Any CPU.ActiveCfg = Release|Any CPU
		{07A1668B-90A2-4AFC-8252-C23EF825D3B9}.Release|Any CPU.Build.0 = Release|Any CPU
		{61C9075B-C021-44DD-89B4-18A226A7556E}.Debug|Any CPU.ActiveCfg = Debug|Any CPU
		{61C9075B-C021-44DD-89B4-18A226A7556E}.Debug|Any CPU.Build.0 = Debug|Any CPU
		{61C9075B-C021-44DD-89B4-18A226A7556E}.Release|Any CPU.ActiveCfg = Release|Any CPU
		{61C9075B-C021-44DD-89B4-18A226A7556E}.Release|Any CPU.Build.0 = Release|Any CPU
		{29E0191B-5712-460D-A3C9-6C72D99D6474}.Debug|Any CPU.ActiveCfg = Debug|Any CPU
		{29E0191B-5712-460D-A3C9-6C72D99D6474}.Debug|Any CPU.Build.0 = Debug|Any CPU
		{29E0191B-5712-460D-A3C9-6C72D99D6474}.Release|Any CPU.ActiveCfg = Release|Any CPU
		{29E0191B-5712-460D-A3C9-6C72D99D6474}.Release|Any CPU.Build.0 = Release|Any CPU
		{3F9F4964-A623-49B9-BED8-0AB8453AA41A}.Debug|Any CPU.ActiveCfg = Debug|Any CPU
		{3F9F4964-A623-49B9-BED8-0AB8453AA41A}.Debug|Any CPU.Build.0 = Debug|Any CPU
		{3F9F4964-A623-49B9-BED8-0AB8453AA41A}.Release|Any CPU.ActiveCfg = Release|Any CPU
		{3F9F4964-A623-49B9-BED8-0AB8453AA41A}.Release|Any CPU.Build.0 = Release|Any CPU
		{EA0A6243-334F-4D18-BEA5-5DBDD42D2514}.Debug|Any CPU.ActiveCfg = Debug|Any CPU
		{EA0A6243-334F-4D18-BEA5-5DBDD42D2514}.Debug|Any CPU.Build.0 = Debug|Any CPU
		{EA0A6243-334F-4D18-BEA5-5DBDD42D2514}.Release|Any CPU.ActiveCfg = Release|Any CPU
		{EA0A6243-334F-4D18-BEA5-5DBDD42D2514}.Release|Any CPU.Build.0 = Release|Any CPU
		{F370836F-BA97-4156-AEBC-0A071FA8A297}.Debug|Any CPU.ActiveCfg = Debug|Any CPU
		{F370836F-BA97-4156-AEBC-0A071FA8A297}.Debug|Any CPU.Build.0 = Debug|Any CPU
		{F370836F-BA97-4156-AEBC-0A071FA8A297}.Release|Any CPU.ActiveCfg = Release|Any CPU
		{F370836F-BA97-4156-AEBC-0A071FA8A297}.Release|Any CPU.Build.0 = Release|Any CPU
		{B91B2436-A6B1-4738-94D2-550B6936447D}.Debug|Any CPU.ActiveCfg = Debug|Any CPU
		{B91B2436-A6B1-4738-94D2-550B6936447D}.Debug|Any CPU.Build.0 = Debug|Any CPU
		{B91B2436-A6B1-4738-94D2-550B6936447D}.Release|Any CPU.ActiveCfg = Release|Any CPU
		{B91B2436-A6B1-4738-94D2-550B6936447D}.Release|Any CPU.Build.0 = Release|Any CPU
		{2015DF78-3930-40DE-AA4C-666C3C32102D}.Debug|Any CPU.ActiveCfg = Debug|Any CPU
		{2015DF78-3930-40DE-AA4C-666C3C32102D}.Debug|Any CPU.Build.0 = Debug|Any CPU
		{2015DF78-3930-40DE-AA4C-666C3C32102D}.Release|Any CPU.ActiveCfg = Release|Any CPU
		{2015DF78-3930-40DE-AA4C-666C3C32102D}.Release|Any CPU.Build.0 = Release|Any CPU
	EndGlobalSection
	GlobalSection(SolutionProperties) = preSolution
		HideSolutionNode = FALSE
	EndGlobalSection
	GlobalSection(NestedProjects) = preSolution
		{EB65C831-5342-47EC-A147-A21076DC0194} = {51C88C5E-B096-410B-9D91-63B3940BF6CB}
		{0F981DF8-385B-41A5-AE51-C8D1A2FA405E} = {51C88C5E-B096-410B-9D91-63B3940BF6CB}
		{AA528A95-8E95-4C3E-89B9-8CE03B994FC6} = {51C88C5E-B096-410B-9D91-63B3940BF6CB}
		{EE1C3097-524E-4347-8363-E8444E403982} = {0E29F1EE-FA79-4D6A-BF79-C9013D6D8CA7}
		{07A1668B-90A2-4AFC-8252-C23EF825D3B9} = {0E29F1EE-FA79-4D6A-BF79-C9013D6D8CA7}
		{61C9075B-C021-44DD-89B4-18A226A7556E} = {0E29F1EE-FA79-4D6A-BF79-C9013D6D8CA7}
		{29E0191B-5712-460D-A3C9-6C72D99D6474} = {73792A25-AB94-47B5-AF75-1E0DD996B9CF}
		{3F9F4964-A623-49B9-BED8-0AB8453AA41A} = {73792A25-AB94-47B5-AF75-1E0DD996B9CF}
		{EA0A6243-334F-4D18-BEA5-5DBDD42D2514} = {73792A25-AB94-47B5-AF75-1E0DD996B9CF}
		{F370836F-BA97-4156-AEBC-0A071FA8A297} = {BDF94A33-374C-44BB-85F3-DBF4FAA2A917}
		{B91B2436-A6B1-4738-94D2-550B6936447D} = {BDF94A33-374C-44BB-85F3-DBF4FAA2A917}
		{2015DF78-3930-40DE-AA4C-666C3C32102D} = {BDF94A33-374C-44BB-85F3-DBF4FAA2A917}
	EndGlobalSection
	GlobalSection(ExtensibilityGlobals) = postSolution
		SolutionGuid = {E500944C-2DDD-4026-8DBE-E536D36CC728}
	EndGlobalSection
EndGlobal
