
Microsoft Visual Studio Solution File, Format Version 12.00
# Visual Studio Version 17
VisualStudioVersion = 17.11.35303.130
MinimumVisualStudioVersion = 10.0.40219.1
Project("{2150E333-8FDC-42A3-9474-1A3956D46DE8}") = "Task0", "Task0", "{51C88C5E-B096-410B-9D91-63B3940BF6CB}"
EndProject
Project("{FAE04EC0-301F-11D3-BF4B-00C04F79EFBC}") = "Tyuiu.KonovalovVA.Sprint2.Task0.V22", "Tyuiu.KonovalovVA.Sprint2.Task0.V22\Tyuiu.KonovalovVA.Sprint2.Task0.V22.csproj", "{EB65C831-5342-47EC-A147-A21076DC0194}"
EndProject
Project("{FAE04EC0-301F-11D3-BF4B-00C04F79EFBC}") = "Tyuiu.KonovalovVA.Sprint2.Task0.V22.Lib", "Tyuiu.KonovalovVA.Sprint2.Task0.V22.Lib\Tyuiu.KonovalovVA.Sprint2.Task0.V22.Lib.csproj", "{0F981DF8-385B-41A5-AE51-C8D1A2FA405E}"
EndProject
Project("{FAE04EC0-301F-11D3-BF4B-00C04F79EFBC}") = "Tyuiu.KonovalovVA.Sprint2.Task0.V22.Test", "Tyuiu.KonovalovVA.Sprint2.Task0.V22.Test\Tyuiu.KonovalovVA.Sprint2.Task0.V22.Test.csproj", "{AA528A95-8E95-4C3E-89B9-8CE03B994FC6}"
EndProject
Global
	GlobalSection(SolutionConfigurationPlatforms) = preSolution
		Debug|Any CPU = Debug|Any CPU
		Release|Any CPU = Release|Any CPU
	EndGlobalSection
	GlobalSection(ProjectConfigurationPlatforms) = postSolution
		{EB65C831-5342-47EC-A147-A21076DC0194}.Debug|Any CPU.ActiveCfg = Debug|Any CPU
		{EB65C831-5342-47EC-A147-A21076DC0194}.Debug|Any CPU.Build.0 = Debug|Any CPU
		{EB65C831-5342-47EC-A147-A21076DC0194}.Release|Any CPU.ActiveCfg = Release|Any CPU
		{EB65C831-5342-47EC-A147-A21076DC0194}.Release|Any CPU.Build.0 = Release|Any CPU
		{0F981DF8-385B-41A5-AE51-C8D1A2FA405E}.Debug|Any CPU.ActiveCfg = Debug|Any CPU
		{0F981DF8-385B-41A5-AE51-C8D1A2FA405E}.Debug|Any CPU.Build.0 = Debug|Any CPU
		{0F981DF8-385B-41A5-AE51-C8D1A2FA405E}.Release|Any CPU.ActiveCfg = Release|Any CPU
		{0F981DF8-385B-41A5-AE51-C8D1A2FA405E}.Release|Any CPU.Build.0 = Release|Any CPU
		{AA528A95-8E95-4C3E-89B9-8CE03B994FC6}.Debug|Any CPU.ActiveCfg = Debug|Any CPU
		{AA528A95-8E95-4C3E-89B9-8CE03B994FC6}.Debug|Any CPU.Build.0 = Debug|Any CPU
		{AA528A95-8E95-4C3E-89B9-8CE03B994FC6}.Release|Any CPU.ActiveCfg = Release|Any CPU
		{AA528A95-8E95-4C3E-89B9-8CE03B994FC6}.Release|Any CPU.Build.0 = Release|Any CPU
	EndGlobalSection
	GlobalSection(SolutionProperties) = preSolution
		HideSolutionNode = FALSE
	EndGlobalSection
	GlobalSection(NestedProjects) = preSolution
		{EB65C831-5342-47EC-A147-A21076DC0194} = {51C88C5E-B096-410B-9D91-63B3940BF6CB}
	EndGlobalSection
	GlobalSection(ExtensibilityGlobals) = postSolution
		SolutionGuid = {E500944C-2DDD-4026-8DBE-E536D36CC728}
	EndGlobalSection
EndGlobal
